
Microsoft Visual Studio Solution File, Format Version 12.00
# Visual Studio Version 16
VisualStudioVersion = 16.0.28922.388
MinimumVisualStudioVersion = 10.0.40219.1
Project("{9A19103F-16F7-4668-BE54-9A1E7A4F7556}") = "MRApiCommon", "MRApiCommon.csproj", "{8E2C1EE3-9037-403E-930F-BEC9D0E239A9}"
EndProject
Global
	GlobalSection(SolutionConfigurationPlatforms) = preSolution
		Debug|Any CPU = Debug|Any CPU
		Release|Any CPU = Release|Any CPU
	EndGlobalSection
	GlobalSection(ProjectConfigurationPlatforms) = postSolution
		{8E2C1EE3-9037-403E-930F-BEC9D0E239A9}.Debug|Any CPU.ActiveCfg = Debug|Any CPU
		{8E2C1EE3-9037-403E-930F-BEC9D0E239A9}.Debug|Any CPU.Build.0 = Debug|Any CPU
		{8E2C1EE3-9037-403E-930F-BEC9D0E239A9}.Release|Any CPU.ActiveCfg = Release|Any CPU
		{8E2C1EE3-9037-403E-930F-BEC9D0E239A9}.Release|Any CPU.Build.0 = Release|Any CPU
	EndGlobalSection
	GlobalSection(SolutionProperties) = preSolution
		HideSolutionNode = FALSE
	EndGlobalSection
	GlobalSection(ExtensibilityGlobals) = postSolution
		SolutionGuid = {5B9CBC35-28EC-4DCD-B495-8A417A9E6D1A}
	EndGlobalSection
EndGlobal
